
Microsoft Visual Studio Solution File, Format Version 12.00
# Visual Studio 14
VisualStudioVersion = 14.0.24720.0
MinimumVisualStudioVersion = 10.0.40219.1
Project("{FAE04EC0-301F-11D3-BF4B-00C04F79EFBC}") = "MitbbsReader", "MitbbsReader\MitbbsReader.csproj", "{B913A9BB-C2D8-461E-AA16-758318FC1A80}"
	ProjectSection(ProjectDependencies) = postProject
		{FA68336A-A330-47A0-99AE-1B0E0953A3BA} = {FA68336A-A330-47A0-99AE-1B0E0953A3BA}
		{3DA565DD-55B2-422B-B2AB-64E35F926E93} = {3DA565DD-55B2-422B-B2AB-64E35F926E93}
		{1A1D28E1-0143-497B-95BE-F3B1467D4CB1} = {1A1D28E1-0143-497B-95BE-F3B1467D4CB1}
	EndProjectSection
EndProject
Project("{FAE04EC0-301F-11D3-BF4B-00C04F79EFBC}") = "HAPPhone", "..\..\Common\HAPPhone\HAPPhone.csproj", "{3DA565DD-55B2-422B-B2AB-64E35F926E93}"
EndProject
Project("{FAE04EC0-301F-11D3-BF4B-00C04F79EFBC}") = "AdRotator", "..\..\Common\AdRotator\AdRotator.csproj", "{1A1D28E1-0143-497B-95BE-F3B1467D4CB1}"
EndProject
Project("{FAE04EC0-301F-11D3-BF4B-00C04F79EFBC}") = "AppUtil", "..\..\Common\AppUtil\AppUtil.csproj", "{FA68336A-A330-47A0-99AE-1B0E0953A3BA}"
EndProject
Project("{2150E333-8FDC-42A3-9474-1A3956D46DE8}") = ".nuget", ".nuget", "{7D48A5FA-5340-4BD6-BA26-00B24679127C}"
	ProjectSection(SolutionItems) = preProject
		.nuget\NuGet.Config = .nuget\NuGet.Config
		.nuget\NuGet.exe = .nuget\NuGet.exe
		.nuget\NuGet.targets = .nuget\NuGet.targets
	EndProjectSection
EndProject
Global
	GlobalSection(SolutionConfigurationPlatforms) = preSolution
		China Debug|Any CPU = China Debug|Any CPU
		China Debug|ARM = China Debug|ARM
		China Debug|x86 = China Debug|x86
		China Release|Any CPU = China Release|Any CPU
		China Release|ARM = China Release|ARM
		China Release|x86 = China Release|x86
		Debug|Any CPU = Debug|Any CPU
		Debug|ARM = Debug|ARM
		Debug|x86 = Debug|x86
		Free Debug|Any CPU = Free Debug|Any CPU
		Free Debug|ARM = Free Debug|ARM
		Free Debug|x86 = Free Debug|x86
		Free Release|Any CPU = Free Release|Any CPU
		Free Release|ARM = Free Release|ARM
		Free Release|x86 = Free Release|x86
		Release|Any CPU = Release|Any CPU
		Release|ARM = Release|ARM
		Release|x86 = Release|x86
	EndGlobalSection
	GlobalSection(ProjectConfigurationPlatforms) = postSolution
		{B913A9BB-C2D8-461E-AA16-758318FC1A80}.China Debug|Any CPU.ActiveCfg = China Debug|Any CPU
		{B913A9BB-C2D8-461E-AA16-758318FC1A80}.China Debug|Any CPU.Build.0 = China Debug|Any CPU
		{B913A9BB-C2D8-461E-AA16-758318FC1A80}.China Debug|Any CPU.Deploy.0 = China Debug|Any CPU
		{B913A9BB-C2D8-461E-AA16-758318FC1A80}.China Debug|ARM.ActiveCfg = China Debug|ARM
		{B913A9BB-C2D8-461E-AA16-758318FC1A80}.China Debug|ARM.Build.0 = China Debug|ARM
		{B913A9BB-C2D8-461E-AA16-758318FC1A80}.China Debug|ARM.Deploy.0 = China Debug|ARM
		{B913A9BB-C2D8-461E-AA16-758318FC1A80}.China Debug|x86.ActiveCfg = China Debug|x86
		{B913A9BB-C2D8-461E-AA16-758318FC1A80}.China Debug|x86.Build.0 = China Debug|x86
		{B913A9BB-C2D8-461E-AA16-758318FC1A80}.China Debug|x86.Deploy.0 = China Debug|x86
		{B913A9BB-C2D8-461E-AA16-758318FC1A80}.China Release|Any CPU.ActiveCfg = China Release|Any CPU
		{B913A9BB-C2D8-461E-AA16-758318FC1A80}.China Release|Any CPU.Build.0 = China Release|Any CPU
		{B913A9BB-C2D8-461E-AA16-758318FC1A80}.China Release|Any CPU.Deploy.0 = China Release|Any CPU
		{B913A9BB-C2D8-461E-AA16-758318FC1A80}.China Release|ARM.ActiveCfg = China Release|ARM
		{B913A9BB-C2D8-461E-AA16-758318FC1A80}.China Release|ARM.Build.0 = China Release|ARM
		{B913A9BB-C2D8-461E-AA16-758318FC1A80}.China Release|ARM.Deploy.0 = China Release|ARM
		{B913A9BB-C2D8-461E-AA16-758318FC1A80}.China Release|x86.ActiveCfg = China Release|x86
		{B913A9BB-C2D8-461E-AA16-758318FC1A80}.China Release|x86.Build.0 = China Release|x86
		{B913A9BB-C2D8-461E-AA16-758318FC1A80}.China Release|x86.Deploy.0 = China Release|x86
		{B913A9BB-C2D8-461E-AA16-758318FC1A80}.Debug|Any CPU.ActiveCfg = Debug|Any CPU
		{B913A9BB-C2D8-461E-AA16-758318FC1A80}.Debug|Any CPU.Build.0 = Debug|Any CPU
		{B913A9BB-C2D8-461E-AA16-758318FC1A80}.Debug|Any CPU.Deploy.0 = Debug|Any CPU
		{B913A9BB-C2D8-461E-AA16-758318FC1A80}.Debug|ARM.ActiveCfg = Debug|ARM
		{B913A9BB-C2D8-461E-AA16-758318FC1A80}.Debug|ARM.Build.0 = Debug|ARM
		{B913A9BB-C2D8-461E-AA16-758318FC1A80}.Debug|ARM.Deploy.0 = Debug|ARM
		{B913A9BB-C2D8-461E-AA16-758318FC1A80}.Debug|x86.ActiveCfg = Debug|x86
		{B913A9BB-C2D8-461E-AA16-758318FC1A80}.Debug|x86.Build.0 = Debug|x86
		{B913A9BB-C2D8-461E-AA16-758318FC1A80}.Debug|x86.Deploy.0 = Debug|x86
		{B913A9BB-C2D8-461E-AA16-758318FC1A80}.Free Debug|Any CPU.ActiveCfg = Free Debug|Any CPU
		{B913A9BB-C2D8-461E-AA16-758318FC1A80}.Free Debug|Any CPU.Build.0 = Free Debug|Any CPU
		{B913A9BB-C2D8-461E-AA16-758318FC1A80}.Free Debug|Any CPU.Deploy.0 = Free Debug|Any CPU
		{B913A9BB-C2D8-461E-AA16-758318FC1A80}.Free Debug|ARM.ActiveCfg = Free Debug|ARM
		{B913A9BB-C2D8-461E-AA16-758318FC1A80}.Free Debug|ARM.Build.0 = Free Debug|ARM
		{B913A9BB-C2D8-461E-AA16-758318FC1A80}.Free Debug|ARM.Deploy.0 = Free Debug|ARM
		{B913A9BB-C2D8-461E-AA16-758318FC1A80}.Free Debug|x86.ActiveCfg = Free Debug|x86
		{B913A9BB-C2D8-461E-AA16-758318FC1A80}.Free Debug|x86.Build.0 = Free Debug|x86
		{B913A9BB-C2D8-461E-AA16-758318FC1A80}.Free Debug|x86.Deploy.0 = Free Debug|x86
		{B913A9BB-C2D8-461E-AA16-758318FC1A80}.Free Release|Any CPU.ActiveCfg = Free Release|Any CPU
		{B913A9BB-C2D8-461E-AA16-758318FC1A80}.Free Release|Any CPU.Build.0 = Free Release|Any CPU
		{B913A9BB-C2D8-461E-AA16-758318FC1A80}.Free Release|Any CPU.Deploy.0 = Free Release|Any CPU
		{B913A9BB-C2D8-461E-AA16-758318FC1A80}.Free Release|ARM.ActiveCfg = Free Release|ARM
		{B913A9BB-C2D8-461E-AA16-758318FC1A80}.Free Release|ARM.Build.0 = Free Release|ARM
		{B913A9BB-C2D8-461E-AA16-758318FC1A80}.Free Release|ARM.Deploy.0 = Free Release|ARM
		{B913A9BB-C2D8-461E-AA16-758318FC1A80}.Free Release|x86.ActiveCfg = Free Release|x86
		{B913A9BB-C2D8-461E-AA16-758318FC1A80}.Free Release|x86.Build.0 = Free Release|x86
		{B913A9BB-C2D8-461E-AA16-758318FC1A80}.Free Release|x86.Deploy.0 = Free Release|x86
		{B913A9BB-C2D8-461E-AA16-758318FC1A80}.Release|Any CPU.ActiveCfg = Release|Any CPU
		{B913A9BB-C2D8-461E-AA16-758318FC1A80}.Release|Any CPU.Build.0 = Release|Any CPU
		{B913A9BB-C2D8-461E-AA16-758318FC1A80}.Release|Any CPU.Deploy.0 = Release|Any CPU
		{B913A9BB-C2D8-461E-AA16-758318FC1A80}.Release|ARM.ActiveCfg = Release|ARM
		{B913A9BB-C2D8-461E-AA16-758318FC1A80}.Release|ARM.Build.0 = Release|ARM
		{B913A9BB-C2D8-461E-AA16-758318FC1A80}.Release|ARM.Deploy.0 = Release|ARM
		{B913A9BB-C2D8-461E-AA16-758318FC1A80}.Release|x86.ActiveCfg = Release|x86
		{B913A9BB-C2D8-461E-AA16-758318FC1A80}.Release|x86.Build.0 = Release|x86
		{B913A9BB-C2D8-461E-AA16-758318FC1A80}.Release|x86.Deploy.0 = Release|x86
		{3DA565DD-55B2-422B-B2AB-64E35F926E93}.China Debug|Any CPU.ActiveCfg = China Debug|Any CPU
		{3DA565DD-55B2-422B-B2AB-64E35F926E93}.China Debug|Any CPU.Build.0 = China Debug|Any CPU
		{3DA565DD-55B2-422B-B2AB-64E35F926E93}.China Debug|ARM.ActiveCfg = China Debug|Any CPU
		{3DA565DD-55B2-422B-B2AB-64E35F926E93}.China Debug|x86.ActiveCfg = China Debug|Any CPU
		{3DA565DD-55B2-422B-B2AB-64E35F926E93}.China Release|Any CPU.ActiveCfg = China Release|Any CPU
		{3DA565DD-55B2-422B-B2AB-64E35F926E93}.China Release|Any CPU.Build.0 = China Release|Any CPU
		{3DA565DD-55B2-422B-B2AB-64E35F926E93}.China Release|ARM.ActiveCfg = China Release|Any CPU
		{3DA565DD-55B2-422B-B2AB-64E35F926E93}.China Release|x86.ActiveCfg = China Release|Any CPU
		{3DA565DD-55B2-422B-B2AB-64E35F926E93}.Debug|Any CPU.ActiveCfg = Debug|Any CPU
		{3DA565DD-55B2-422B-B2AB-64E35F926E93}.Debug|Any CPU.Build.0 = Debug|Any CPU
		{3DA565DD-55B2-422B-B2AB-64E35F926E93}.Debug|ARM.ActiveCfg = Debug|Any CPU
		{3DA565DD-55B2-422B-B2AB-64E35F926E93}.Debug|x86.ActiveCfg = Debug|Any CPU
		{3DA565DD-55B2-422B-B2AB-64E35F926E93}.Free Debug|Any CPU.ActiveCfg = Free Debug|Any CPU
		{3DA565DD-55B2-422B-B2AB-64E35F926E93}.Free Debug|Any CPU.Build.0 = Free Debug|Any CPU
		{3DA565DD-55B2-422B-B2AB-64E35F926E93}.Free Debug|ARM.ActiveCfg = Free Debug|Any CPU
		{3DA565DD-55B2-422B-B2AB-64E35F926E93}.Free Debug|x86.ActiveCfg = Free Debug|Any CPU
		{3DA565DD-55B2-422B-B2AB-64E35F926E93}.Free Release|Any CPU.ActiveCfg = Free Release|Any CPU
		{3DA565DD-55B2-422B-B2AB-64E35F926E93}.Free Release|Any CPU.Build.0 = Free Release|Any CPU
		{3DA565DD-55B2-422B-B2AB-64E35F926E93}.Free Release|ARM.ActiveCfg = Free Release|Any CPU
		{3DA565DD-55B2-422B-B2AB-64E35F926E93}.Free Release|x86.ActiveCfg = Free Release|Any CPU
		{3DA565DD-55B2-422B-B2AB-64E35F926E93}.Release|Any CPU.ActiveCfg = Release|Any CPU
		{3DA565DD-55B2-422B-B2AB-64E35F926E93}.Release|Any CPU.Build.0 = Release|Any CPU
		{3DA565DD-55B2-422B-B2AB-64E35F926E93}.Release|ARM.ActiveCfg = Release|Any CPU
		{3DA565DD-55B2-422B-B2AB-64E35F926E93}.Release|x86.ActiveCfg = Release|Any CPU
		{1A1D28E1-0143-497B-95BE-F3B1467D4CB1}.China Debug|Any CPU.ActiveCfg = China Debug|Any CPU
		{1A1D28E1-0143-497B-95BE-F3B1467D4CB1}.China Debug|Any CPU.Build.0 = China Debug|Any CPU
		{1A1D28E1-0143-497B-95BE-F3B1467D4CB1}.China Debug|ARM.ActiveCfg = China Debug|Any CPU
		{1A1D28E1-0143-497B-95BE-F3B1467D4CB1}.China Debug|x86.ActiveCfg = China Debug|Any CPU
		{1A1D28E1-0143-497B-95BE-F3B1467D4CB1}.China Release|Any CPU.ActiveCfg = China Release|Any CPU
		{1A1D28E1-0143-497B-95BE-F3B1467D4CB1}.China Release|Any CPU.Build.0 = China Release|Any CPU
		{1A1D28E1-0143-497B-95BE-F3B1467D4CB1}.China Release|ARM.ActiveCfg = China Release|Any CPU
		{1A1D28E1-0143-497B-95BE-F3B1467D4CB1}.China Release|x86.ActiveCfg = China Release|Any CPU
		{1A1D28E1-0143-497B-95BE-F3B1467D4CB1}.Debug|Any CPU.ActiveCfg = Debug|Any CPU
		{1A1D28E1-0143-497B-95BE-F3B1467D4CB1}.Debug|Any CPU.Build.0 = Debug|Any CPU
		{1A1D28E1-0143-497B-95BE-F3B1467D4CB1}.Debug|ARM.ActiveCfg = Debug|Any CPU
		{1A1D28E1-0143-497B-95BE-F3B1467D4CB1}.Debug|x86.ActiveCfg = Debug|Any CPU
		{1A1D28E1-0143-497B-95BE-F3B1467D4CB1}.Free Debug|Any CPU.ActiveCfg = Free Debug|Any CPU
		{1A1D28E1-0143-497B-95BE-F3B1467D4CB1}.Free Debug|Any CPU.Build.0 = Free Debug|Any CPU
		{1A1D28E1-0143-497B-95BE-F3B1467D4CB1}.Free Debug|ARM.ActiveCfg = Free Debug|Any CPU
		{1A1D28E1-0143-497B-95BE-F3B1467D4CB1}.Free Debug|x86.ActiveCfg = Free Debug|Any CPU
		{1A1D28E1-0143-497B-95BE-F3B1467D4CB1}.Free Release|Any CPU.ActiveCfg = Free Release|Any CPU
		{1A1D28E1-0143-497B-95BE-F3B1467D4CB1}.Free Release|Any CPU.Build.0 = Free Release|Any CPU
		{1A1D28E1-0143-497B-95BE-F3B1467D4CB1}.Free Release|ARM.ActiveCfg = Free Release|Any CPU
		{1A1D28E1-0143-497B-95BE-F3B1467D4CB1}.Free Release|x86.ActiveCfg = Free Release|Any CPU
		{1A1D28E1-0143-497B-95BE-F3B1467D4CB1}.Release|Any CPU.ActiveCfg = Release|Any CPU
		{1A1D28E1-0143-497B-95BE-F3B1467D4CB1}.Release|Any CPU.Build.0 = Release|Any CPU
		{1A1D28E1-0143-497B-95BE-F3B1467D4CB1}.Release|ARM.ActiveCfg = Release|Any CPU
		{1A1D28E1-0143-497B-95BE-F3B1467D4CB1}.Release|x86.ActiveCfg = Release|Any CPU
		{FA68336A-A330-47A0-99AE-1B0E0953A3BA}.China Debug|Any CPU.ActiveCfg = China Debug|Any CPU
		{FA68336A-A330-47A0-99AE-1B0E0953A3BA}.China Debug|Any CPU.Build.0 = China Debug|Any CPU
		{FA68336A-A330-47A0-99AE-1B0E0953A3BA}.China Debug|ARM.ActiveCfg = China Debug|Any CPU
		{FA68336A-A330-47A0-99AE-1B0E0953A3BA}.China Debug|x86.ActiveCfg = China Debug|Any CPU
		{FA68336A-A330-47A0-99AE-1B0E0953A3BA}.China Release|Any CPU.ActiveCfg = China Release|Any CPU
		{FA68336A-A330-47A0-99AE-1B0E0953A3BA}.China Release|Any CPU.Build.0 = China Release|Any CPU
		{FA68336A-A330-47A0-99AE-1B0E0953A3BA}.China Release|ARM.ActiveCfg = China Release|Any CPU
		{FA68336A-A330-47A0-99AE-1B0E0953A3BA}.China Release|x86.ActiveCfg = China Release|Any CPU
		{FA68336A-A330-47A0-99AE-1B0E0953A3BA}.Debug|Any CPU.ActiveCfg = Debug|Any CPU
		{FA68336A-A330-47A0-99AE-1B0E0953A3BA}.Debug|Any CPU.Build.0 = Debug|Any CPU
		{FA68336A-A330-47A0-99AE-1B0E0953A3BA}.Debug|ARM.ActiveCfg = Debug|Any CPU
		{FA68336A-A330-47A0-99AE-1B0E0953A3BA}.Debug|x86.ActiveCfg = Debug|Any CPU
		{FA68336A-A330-47A0-99AE-1B0E0953A3BA}.Free Debug|Any CPU.ActiveCfg = Free Debug|Any CPU
		{FA68336A-A330-47A0-99AE-1B0E0953A3BA}.Free Debug|Any CPU.Build.0 = Free Debug|Any CPU
		{FA68336A-A330-47A0-99AE-1B0E0953A3BA}.Free Debug|ARM.ActiveCfg = Free Debug|Any CPU
		{FA68336A-A330-47A0-99AE-1B0E0953A3BA}.Free Debug|x86.ActiveCfg = Free Debug|Any CPU
		{FA68336A-A330-47A0-99AE-1B0E0953A3BA}.Free Release|Any CPU.ActiveCfg = Free Release|Any CPU
		{FA68336A-A330-47A0-99AE-1B0E0953A3BA}.Free Release|Any CPU.Build.0 = Free Release|Any CPU
		{FA68336A-A330-47A0-99AE-1B0E0953A3BA}.Free Release|ARM.ActiveCfg = Free Release|Any CPU
		{FA68336A-A330-47A0-99AE-1B0E0953A3BA}.Free Release|x86.ActiveCfg = Free Release|Any CPU
		{FA68336A-A330-47A0-99AE-1B0E0953A3BA}.Release|Any CPU.ActiveCfg = Release|Any CPU
		{FA68336A-A330-47A0-99AE-1B0E0953A3BA}.Release|Any CPU.Build.0 = Release|Any CPU
		{FA68336A-A330-47A0-99AE-1B0E0953A3BA}.Release|ARM.ActiveCfg = Release|Any CPU
		{FA68336A-A330-47A0-99AE-1B0E0953A3BA}.Release|x86.ActiveCfg = Release|Any CPU
	EndGlobalSection
	GlobalSection(SolutionProperties) = preSolution
		HideSolutionNode = FALSE
	EndGlobalSection
	GlobalSection(SubversionScc) = preSolution
		Svn-Managed = True
		Manager = AnkhSVN - Subversion Support for Visual Studio
	EndGlobalSection
EndGlobal
